
Microsoft Visual Studio Solution File, Format Version 12.00
# Visual Studio Version 17
VisualStudioVersion = 17.6.33815.320
MinimumVisualStudioVersion = 10.0.40219.1
Project("{FAE04EC0-301F-11D3-BF4B-00C04F79EFBC}") = "CScompany", "CScompany\CScompany.csproj", "{0DEAA4C1-9BE7-411F-8083-5A06630D896D}"
EndProject
Global
	GlobalSection(SolutionConfigurationPlatforms) = preSolution
		Debug|Any CPU = Debug|Any CPU
		Release|Any CPU = Release|Any CPU
	EndGlobalSection
	GlobalSection(ProjectConfigurationPlatforms) = postSolution
		{0DEAA4C1-9BE7-411F-8083-5A06630D896D}.Debug|Any CPU.ActiveCfg = Debug|Any CPU
		{0DEAA4C1-9BE7-411F-8083-5A06630D896D}.Debug|Any CPU.Build.0 = Debug|Any CPU
		{0DEAA4C1-9BE7-411F-8083-5A06630D896D}.Release|Any CPU.ActiveCfg = Release|Any CPU
		{0DEAA4C1-9BE7-411F-8083-5A06630D896D}.Release|Any CPU.Build.0 = Release|Any CPU
	EndGlobalSection
	GlobalSection(SolutionProperties) = preSolution
		HideSolutionNode = FALSE
	EndGlobalSection
	GlobalSection(ExtensibilityGlobals) = postSolution
		SolutionGuid = {418FFEAC-F437-4AAB-B010-E1E82D49A5E9}
	EndGlobalSection
EndGlobal
